
Microsoft Visual Studio Solution File, Format Version 12.00
# Visual Studio 2013
VisualStudioVersion = 12.0.30723.0
MinimumVisualStudioVersion = 10.0.40219.1
Project("{2150E333-8FDC-42A3-9474-1A3956D46DE8}") = "Solution Items", "Solution Items", "{DB0597BA-9579-4749-85C7-B636E5FE4867}"
	ProjectSection(SolutionItems) = preProject
		Readme.txt = Readme.txt
	EndProjectSection
EndProject
Project("{FAE04EC0-301F-11D3-BF4B-00C04F79EFBC}") = "NoteTaker", "NoteTaker\NoteTaker.csproj", "{39973669-4FA1-443E-A2A8-568EBC74D57E}"
EndProject
Global
	GlobalSection(SolutionConfigurationPlatforms) = preSolution
		Debug|Any CPU = Debug|Any CPU
		Release|Any CPU = Release|Any CPU
	EndGlobalSection
	GlobalSection(ProjectConfigurationPlatforms) = postSolution
		{39973669-4FA1-443E-A2A8-568EBC74D57E}.Debug|Any CPU.ActiveCfg = Debug|Any CPU
		{39973669-4FA1-443E-A2A8-568EBC74D57E}.Debug|Any CPU.Build.0 = Debug|Any CPU
		{39973669-4FA1-443E-A2A8-568EBC74D57E}.Release|Any CPU.ActiveCfg = Release|Any CPU
		{39973669-4FA1-443E-A2A8-568EBC74D57E}.Release|Any CPU.Build.0 = Release|Any CPU
	EndGlobalSection
	GlobalSection(SolutionProperties) = preSolution
		HideSolutionNode = FALSE
	EndGlobalSection
EndGlobal
